
Microsoft Visual Studio Solution File, Format Version 12.00
# Visual Studio 15
VisualStudioVersion = 15.0.26730.16
MinimumVisualStudioVersion = 10.0.40219.1
Project("{FAE04EC0-301F-11D3-BF4B-00C04F79EFBC}") = "KH.API", "KH.API\KH.API.csproj", "{035F236E-11F4-4E64-B476-2AE1A41BE11D}"
EndProject
Project("{2150E333-8FDC-42A3-9474-1A3956D46DE8}") = "EP.NET", "EP.NET", "{8282637E-0757-41A0-AE73-0EA13F156B1B}"
EndProject
Project("{2150E333-8FDC-42A3-9474-1A3956D46DE8}") = "KH.Cache", "KH.Cache", "{490AAFBC-AF6E-44ED-BED0-26C72762313C}"
EndProject
Project("{FAE04EC0-301F-11D3-BF4B-00C04F79EFBC}") = "KH.BLL", "KH.NET\KH.BLL\KH.BLL.csproj", "{1E5C73AD-298F-4712-A517-55B019FCB6B6}"
EndProject
Project("{FAE04EC0-301F-11D3-BF4B-00C04F79EFBC}") = "KH.Common", "KH.NET\KH.Common\KH.Common.csproj", "{A3255954-AD2E-4700-AEE6-FC605BED33B6}"
EndProject
Project("{FAE04EC0-301F-11D3-BF4B-00C04F79EFBC}") = "KH.DAL", "KH.NET\KH.DAL\KH.DAL.csproj", "{736CC998-6441-407F-99B1-5ACA763B4490}"
EndProject
Project("{FAE04EC0-301F-11D3-BF4B-00C04F79EFBC}") = "KH.DalFactory", "KH.NET\KH.DalFactory\KH.DalFactory.csproj", "{8D54B329-3AF0-456F-99A8-43AE04E07913}"
EndProject
Project("{FAE04EC0-301F-11D3-BF4B-00C04F79EFBC}") = "KH.IDAL", "KH.NET\KH.IDAL\KH.IDAL.csproj", "{B2B960A9-69A3-4362-85A8-067270C5F10F}"
EndProject
Project("{FAE04EC0-301F-11D3-BF4B-00C04F79EFBC}") = "KH.Models", "KH.NET\KH.Models\KH.Models.csproj", "{FE784C60-3F99-4BE9-A644-0AAE8285C908}"
EndProject
Project("{FAE04EC0-301F-11D3-BF4B-00C04F79EFBC}") = "System.Linq.Dynamic", "KH.NET\System.Linq.Dynamic\System.Linq.Dynamic.csproj", "{4FFEC0AE-0386-4D02-99DB-76F5DA28D56A}"
EndProject
Project("{FAE04EC0-301F-11D3-BF4B-00C04F79EFBC}") = "KH.Cache", "KH.NET\KH.Cache\KH.Cache\KH.Cache.csproj", "{4C8EB726-21A1-4E5B-BE3C-42BF7CF815D3}"
EndProject
Project("{FAE04EC0-301F-11D3-BF4B-00C04F79EFBC}") = "KH.Cache.Redis", "KH.NET\KH.Cache\KH.Cache.Redis\KH.Cache.Redis.csproj", "{75BEDBAF-5E08-4287-9722-2823F18E19EE}"
EndProject
Project("{FAE04EC0-301F-11D3-BF4B-00C04F79EFBC}") = "KH.Cache.Factory", "KH.NET\KH.Cache\KH.Cache.Factory\KH.Cache.Factory.csproj", "{73175CED-9065-40EC-A404-954F085C1ACE}"
EndProject
Global
	GlobalSection(SolutionConfigurationPlatforms) = preSolution
		Debug|Any CPU = Debug|Any CPU
		Release|Any CPU = Release|Any CPU
	EndGlobalSection
	GlobalSection(ProjectConfigurationPlatforms) = postSolution
		{035F236E-11F4-4E64-B476-2AE1A41BE11D}.Debug|Any CPU.ActiveCfg = Debug|Any CPU
		{035F236E-11F4-4E64-B476-2AE1A41BE11D}.Debug|Any CPU.Build.0 = Debug|Any CPU
		{035F236E-11F4-4E64-B476-2AE1A41BE11D}.Release|Any CPU.ActiveCfg = Release|Any CPU
		{035F236E-11F4-4E64-B476-2AE1A41BE11D}.Release|Any CPU.Build.0 = Release|Any CPU
		{1E5C73AD-298F-4712-A517-55B019FCB6B6}.Debug|Any CPU.ActiveCfg = Debug|Any CPU
		{1E5C73AD-298F-4712-A517-55B019FCB6B6}.Debug|Any CPU.Build.0 = Debug|Any CPU
		{1E5C73AD-298F-4712-A517-55B019FCB6B6}.Release|Any CPU.ActiveCfg = Release|Any CPU
		{1E5C73AD-298F-4712-A517-55B019FCB6B6}.Release|Any CPU.Build.0 = Release|Any CPU
		{A3255954-AD2E-4700-AEE6-FC605BED33B6}.Debug|Any CPU.ActiveCfg = Debug|Any CPU
		{A3255954-AD2E-4700-AEE6-FC605BED33B6}.Debug|Any CPU.Build.0 = Debug|Any CPU
		{A3255954-AD2E-4700-AEE6-FC605BED33B6}.Release|Any CPU.ActiveCfg = Release|Any CPU
		{A3255954-AD2E-4700-AEE6-FC605BED33B6}.Release|Any CPU.Build.0 = Release|Any CPU
		{736CC998-6441-407F-99B1-5ACA763B4490}.Debug|Any CPU.ActiveCfg = Debug|Any CPU
		{736CC998-6441-407F-99B1-5ACA763B4490}.Debug|Any CPU.Build.0 = Debug|Any CPU
		{736CC998-6441-407F-99B1-5ACA763B4490}.Release|Any CPU.ActiveCfg = Release|Any CPU
		{736CC998-6441-407F-99B1-5ACA763B4490}.Release|Any CPU.Build.0 = Release|Any CPU
		{8D54B329-3AF0-456F-99A8-43AE04E07913}.Debug|Any CPU.ActiveCfg = Debug|Any CPU
		{8D54B329-3AF0-456F-99A8-43AE04E07913}.Debug|Any CPU.Build.0 = Debug|Any CPU
		{8D54B329-3AF0-456F-99A8-43AE04E07913}.Release|Any CPU.ActiveCfg = Release|Any CPU
		{8D54B329-3AF0-456F-99A8-43AE04E07913}.Release|Any CPU.Build.0 = Release|Any CPU
		{B2B960A9-69A3-4362-85A8-067270C5F10F}.Debug|Any CPU.ActiveCfg = Debug|Any CPU
		{B2B960A9-69A3-4362-85A8-067270C5F10F}.Debug|Any CPU.Build.0 = Debug|Any CPU
		{B2B960A9-69A3-4362-85A8-067270C5F10F}.Release|Any CPU.ActiveCfg = Release|Any CPU
		{B2B960A9-69A3-4362-85A8-067270C5F10F}.Release|Any CPU.Build.0 = Release|Any CPU
		{FE784C60-3F99-4BE9-A644-0AAE8285C908}.Debug|Any CPU.ActiveCfg = Debug|Any CPU
		{FE784C60-3F99-4BE9-A644-0AAE8285C908}.Debug|Any CPU.Build.0 = Debug|Any CPU
		{FE784C60-3F99-4BE9-A644-0AAE8285C908}.Release|Any CPU.ActiveCfg = Release|Any CPU
		{FE784C60-3F99-4BE9-A644-0AAE8285C908}.Release|Any CPU.Build.0 = Release|Any CPU
		{4FFEC0AE-0386-4D02-99DB-76F5DA28D56A}.Debug|Any CPU.ActiveCfg = Debug|Any CPU
		{4FFEC0AE-0386-4D02-99DB-76F5DA28D56A}.Debug|Any CPU.Build.0 = Debug|Any CPU
		{4FFEC0AE-0386-4D02-99DB-76F5DA28D56A}.Release|Any CPU.ActiveCfg = Release|Any CPU
		{4FFEC0AE-0386-4D02-99DB-76F5DA28D56A}.Release|Any CPU.Build.0 = Release|Any CPU
		{4C8EB726-21A1-4E5B-BE3C-42BF7CF815D3}.Debug|Any CPU.ActiveCfg = Debug|Any CPU
		{4C8EB726-21A1-4E5B-BE3C-42BF7CF815D3}.Debug|Any CPU.Build.0 = Debug|Any CPU
		{4C8EB726-21A1-4E5B-BE3C-42BF7CF815D3}.Release|Any CPU.ActiveCfg = Release|Any CPU
		{4C8EB726-21A1-4E5B-BE3C-42BF7CF815D3}.Release|Any CPU.Build.0 = Release|Any CPU
		{75BEDBAF-5E08-4287-9722-2823F18E19EE}.Debug|Any CPU.ActiveCfg = Debug|Any CPU
		{75BEDBAF-5E08-4287-9722-2823F18E19EE}.Debug|Any CPU.Build.0 = Debug|Any CPU
		{75BEDBAF-5E08-4287-9722-2823F18E19EE}.Release|Any CPU.ActiveCfg = Release|Any CPU
		{75BEDBAF-5E08-4287-9722-2823F18E19EE}.Release|Any CPU.Build.0 = Release|Any CPU
		{73175CED-9065-40EC-A404-954F085C1ACE}.Debug|Any CPU.ActiveCfg = Debug|Any CPU
		{73175CED-9065-40EC-A404-954F085C1ACE}.Debug|Any CPU.Build.0 = Debug|Any CPU
		{73175CED-9065-40EC-A404-954F085C1ACE}.Release|Any CPU.ActiveCfg = Release|Any CPU
		{73175CED-9065-40EC-A404-954F085C1ACE}.Release|Any CPU.Build.0 = Release|Any CPU
	EndGlobalSection
	GlobalSection(SolutionProperties) = preSolution
		HideSolutionNode = FALSE
	EndGlobalSection
	GlobalSection(NestedProjects) = preSolution
		{490AAFBC-AF6E-44ED-BED0-26C72762313C} = {8282637E-0757-41A0-AE73-0EA13F156B1B}
		{1E5C73AD-298F-4712-A517-55B019FCB6B6} = {8282637E-0757-41A0-AE73-0EA13F156B1B}
		{A3255954-AD2E-4700-AEE6-FC605BED33B6} = {8282637E-0757-41A0-AE73-0EA13F156B1B}
		{736CC998-6441-407F-99B1-5ACA763B4490} = {8282637E-0757-41A0-AE73-0EA13F156B1B}
		{8D54B329-3AF0-456F-99A8-43AE04E07913} = {8282637E-0757-41A0-AE73-0EA13F156B1B}
		{B2B960A9-69A3-4362-85A8-067270C5F10F} = {8282637E-0757-41A0-AE73-0EA13F156B1B}
		{FE784C60-3F99-4BE9-A644-0AAE8285C908} = {8282637E-0757-41A0-AE73-0EA13F156B1B}
		{4FFEC0AE-0386-4D02-99DB-76F5DA28D56A} = {8282637E-0757-41A0-AE73-0EA13F156B1B}
		{4C8EB726-21A1-4E5B-BE3C-42BF7CF815D3} = {490AAFBC-AF6E-44ED-BED0-26C72762313C}
		{75BEDBAF-5E08-4287-9722-2823F18E19EE} = {490AAFBC-AF6E-44ED-BED0-26C72762313C}
		{73175CED-9065-40EC-A404-954F085C1ACE} = {490AAFBC-AF6E-44ED-BED0-26C72762313C}
	EndGlobalSection
	GlobalSection(ExtensibilityGlobals) = postSolution
		SolutionGuid = {470DF447-B82F-44C7-B8A7-3D91D670AF24}
	EndGlobalSection
EndGlobal
